// !$*UTF8*$!
{
	archiveVersion = 1;
	classes = {
	};
	objectVersion = 50;
	objects = {

/* Begin PBXBuildFile section */
		322AA6CF25B82759006A0BA1 /* CirclesView.swift in Sources */ = {isa = PBXBuildFile; fileRef = 322AA6CC25B82759006A0BA1 /* CirclesView.swift */; };
		322AA6D025B82759006A0BA1 /* CirclesRenderer.swift in Sources */ = {isa = PBXBuildFile; fileRef = 322AA6CD25B82759006A0BA1 /* CirclesRenderer.swift */; };
		322AA6D125B82759006A0BA1 /* ConcentricChart.swift in Sources */ = {isa = PBXBuildFile; fileRef = 322AA6CE25B82759006A0BA1 /* ConcentricChart.swift */; };
		322AA6F725B82FBE006A0BA1 /* ClassPointCell.swift in Sources */ = {isa = PBXBuildFile; fileRef = 322AA6F525B82FBE006A0BA1 /* ClassPointCell.swift */; };
		322AA6F825B82FBE006A0BA1 /* ClassPointCell.xib in Resources */ = {isa = PBXBuildFile; fileRef = 322AA6F625B82FBE006A0BA1 /* ClassPointCell.xib */; };
		32BB7E812469275300170D72 /* SACharts.h in Headers */ = {isa = PBXBuildFile; fileRef = 32BB7E7F2469275300170D72 /* SACharts.h */; settings = {ATTRIBUTES = (Public, ); }; };
		32BB7E89246927A900170D72 /* CircleRenderer.swift in Sources */ = {isa = PBXBuildFile; fileRef = 32BB7E87246927A900170D72 /* CircleRenderer.swift */; };
		32BB7E8A246927A900170D72 /* SingleCircleChart.swift in Sources */ = {isa = PBXBuildFile; fileRef = 32BB7E88246927A900170D72 /* SingleCircleChart.swift */; };
		32BB7E8C246927DA00170D72 /* ChartModel.swift in Sources */ = {isa = PBXBuildFile; fileRef = 32BB7E8B246927DA00170D72 /* ChartModel.swift */; };
		32F69F3925B17E2F00DED3B7 /* UIColorExtension.swift in Sources */ = {isa = PBXBuildFile; fileRef = 32F69F3825B17E2F00DED3B7 /* UIColorExtension.swift */; };
/* End PBXBuildFile section */

/* Begin PBXFileReference section */
		322AA6CC25B82759006A0BA1 /* CirclesView.swift */ = {isa = PBXFileReference; fileEncoding = 4; lastKnownFileType = sourcecode.swift; path = CirclesView.swift; sourceTree = "<group>"; };
		322AA6CD25B82759006A0BA1 /* CirclesRenderer.swift */ = {isa = PBXFileReference; fileEncoding = 4; lastKnownFileType = sourcecode.swift; path = CirclesRenderer.swift; sourceTree = "<group>"; };
		322AA6CE25B82759006A0BA1 /* ConcentricChart.swift */ = {isa = PBXFileReference; fileEncoding = 4; lastKnownFileType = sourcecode.swift; path = ConcentricChart.swift; sourceTree = "<group>"; };
		322AA6F525B82FBE006A0BA1 /* ClassPointCell.swift */ = {isa = PBXFileReference; fileEncoding = 4; lastKnownFileType = sourcecode.swift; path = ClassPointCell.swift; sourceTree = "<group>"; };
		322AA6F625B82FBE006A0BA1 /* ClassPointCell.xib */ = {isa = PBXFileReference; fileEncoding = 4; lastKnownFileType = file.xib; path = ClassPointCell.xib; sourceTree = "<group>"; };
		32BB7E7C2469275300170D72 /* SACharts.framework */ = {isa = PBXFileReference; explicitFileType = wrapper.framework; includeInIndex = 0; path = SACharts.framework; sourceTree = BUILT_PRODUCTS_DIR; };
		32BB7E7F2469275300170D72 /* SACharts.h */ = {isa = PBXFileReference; lastKnownFileType = sourcecode.c.h; path = SACharts.h; sourceTree = "<group>"; };
		32BB7E802469275300170D72 /* Info.plist */ = {isa = PBXFileReference; lastKnownFileType = text.plist.xml; path = Info.plist; sourceTree = "<group>"; };
		32BB7E87246927A900170D72 /* CircleRenderer.swift */ = {isa = PBXFileReference; fileEncoding = 4; lastKnownFileType = sourcecode.swift; path = CircleRenderer.swift; sourceTree = "<group>"; };
		32BB7E88246927A900170D72 /* SingleCircleChart.swift */ = {isa = PBXFileReference; fileEncoding = 4; lastKnownFileType = sourcecode.swift; path = SingleCircleChart.swift; sourceTree = "<group>"; };
		32BB7E8B246927DA00170D72 /* ChartModel.swift */ = {isa = PBXFileReference; lastKnownFileType = sourcecode.swift; path = ChartModel.swift; sourceTree = "<group>"; };
		32F69F3825B17E2F00DED3B7 /* UIColorExtension.swift */ = {isa = PBXFileReference; fileEncoding = 4; lastKnownFileType = sourcecode.swift; path = UIColorExtension.swift; sourceTree = "<group>"; };
/* End PBXFileReference section */

/* Begin PBXFrameworksBuildPhase section */
		32BB7E792469275300170D72 /* Frameworks */ = {
			isa = PBXFrameworksBuildPhase;
			buildActionMask = 2147483647;
			files = (
			);
			runOnlyForDeploymentPostprocessing = 0;
		};
/* End PBXFrameworksBuildPhase section */

/* Begin PBXGroup section */
		32BB7E722469275300170D72 = {
			isa = PBXGroup;
			children = (
				32BB7E7E2469275300170D72 /* SACharts */,
				32BB7E7D2469275300170D72 /* Products */,
			);
			sourceTree = "<group>";
		};
		32BB7E7D2469275300170D72 /* Products */ = {
			isa = PBXGroup;
			children = (
				32BB7E7C2469275300170D72 /* SACharts.framework */,
			);
			name = Products;
			sourceTree = "<group>";
		};
		32BB7E7E2469275300170D72 /* SACharts */ = {
			isa = PBXGroup;
			children = (
				32BB7E7F2469275300170D72 /* SACharts.h */,
				32BB7E87246927A900170D72 /* CircleRenderer.swift */,
				32BB7E88246927A900170D72 /* SingleCircleChart.swift */,
				322AA6CD25B82759006A0BA1 /* CirclesRenderer.swift */,
				322AA6CE25B82759006A0BA1 /* ConcentricChart.swift */,
				322AA6F525B82FBE006A0BA1 /* ClassPointCell.swift */,
				322AA6F625B82FBE006A0BA1 /* ClassPointCell.xib */,
				322AA6CC25B82759006A0BA1 /* CirclesView.swift */,
				32F69F3825B17E2F00DED3B7 /* UIColorExtension.swift */,
				32BB7E8B246927DA00170D72 /* ChartModel.swift */,
				32BB7E802469275300170D72 /* Info.plist */,
			);
			path = SACharts;
			sourceTree = "<group>";
		};
/* End PBXGroup section */

/* Begin PBXHeadersBuildPhase section */
		32BB7E772469275300170D72 /* Headers */ = {
			isa = PBXHeadersBuildPhase;
			buildActionMask = 2147483647;
			files = (
				32BB7E812469275300170D72 /* SACharts.h in Headers */,
			);
			runOnlyForDeploymentPostprocessing = 0;
		};
/* End PBXHeadersBuildPhase section */

/* Begin PBXNativeTarget section */
		32BB7E7B2469275300170D72 /* SACharts */ = {
			isa = PBXNativeTarget;
			buildConfigurationList = 32BB7E842469275300170D72 /* Build configuration list for PBXNativeTarget "SACharts" */;
			buildPhases = (
				32BB7E772469275300170D72 /* Headers */,
				32BB7E782469275300170D72 /* Sources */,
				32BB7E792469275300170D72 /* Frameworks */,
				32BB7E7A2469275300170D72 /* Resources */,
			);
			buildRules = (
			);
			dependencies = (
			);
			name = SACharts;
			productName = SACharts;
			productReference = 32BB7E7C2469275300170D72 /* SACharts.framework */;
			productType = "com.apple.product-type.framework";
		};
/* End PBXNativeTarget section */

/* Begin PBXProject section */
		32BB7E732469275300170D72 /* Project object */ = {
			isa = PBXProject;
			attributes = {
				LastUpgradeCheck = 1140;
				ORGANIZATIONNAME = michelle;
				TargetAttributes = {
					32BB7E7B2469275300170D72 = {
						CreatedOnToolsVersion = 11.4.1;
						LastSwiftMigration = 1140;
					};
				};
			};
			buildConfigurationList = 32BB7E762469275300170D72 /* Build configuration list for PBXProject "SACharts" */;
			compatibilityVersion = "Xcode 9.3";
			developmentRegion = en;
			hasScannedForEncodings = 0;
			knownRegions = (
				en,
				Base,
			);
			mainGroup = 32BB7E722469275300170D72;
			productRefGroup = 32BB7E7D2469275300170D72 /* Products */;
			projectDirPath = "";
			projectRoot = "";
			targets = (
				32BB7E7B2469275300170D72 /* SACharts */,
			);
		};
/* End PBXProject section */

/* Begin PBXResourcesBuildPhase section */
		32BB7E7A2469275300170D72 /* Resources */ = {
			isa = PBXResourcesBuildPhase;
			buildActionMask = 2147483647;
			files = (
				322AA6F825B82FBE006A0BA1 /* ClassPointCell.xib in Resources */,
			);
			runOnlyForDeploymentPostprocessing = 0;
		};
/* End PBXResourcesBuildPhase section */

/* Begin PBXSourcesBuildPhase section */
		32BB7E782469275300170D72 /* Sources */ = {
			isa = PBXSourcesBuildPhase;
			buildActionMask = 2147483647;
			files = (
				322AA6D025B82759006A0BA1 /* CirclesRenderer.swift in Sources */,
				322AA6CF25B82759006A0BA1 /* CirclesView.swift in Sources */,
				322AA6D125B82759006A0BA1 /* ConcentricChart.swift in Sources */,
				32BB7E8A246927A900170D72 /* SingleCircleChart.swift in Sources */,
				32BB7E8C246927DA00170D72 /* ChartModel.swift in Sources */,
				32BB7E89246927A900170D72 /* CircleRenderer.swift in Sources */,
				32F69F3925B17E2F00DED3B7 /* UIColorExtension.swift in Sources */,
				322AA6F725B82FBE006A0BA1 /* ClassPointCell.swift in Sources */,
			);
			runOnlyForDeploymentPostprocessing = 0;
		};
/* End PBXSourcesBuildPhase section */

/* Begin XCBuildConfiguration section */
		32BB7E822469275300170D72 /* Debug */ = {
			isa = XCBuildConfiguration;
			buildSettings = {
				ALWAYS_SEARCH_USER_PATHS = NO;
				CLANG_ANALYZER_NONNULL = YES;
				CLANG_ANALYZER_NUMBER_OBJECT_CONVERSION = YES_AGGRESSIVE;
				CLANG_CXX_LANGUAGE_STANDARD = "gnu++14";
				CLANG_CXX_LIBRARY = "libc++";
				CLANG_ENABLE_MODULES = YES;
				CLANG_ENABLE_OBJC_ARC = YES;
				CLANG_ENABLE_OBJC_WEAK = YES;
				CLANG_WARN_BLOCK_CAPTURE_AUTORELEASING = YES;
				CLANG_WARN_BOOL_CONVERSION = YES;
				CLANG_WARN_COMMA = YES;
				CLANG_WARN_CONSTANT_CONVERSION = YES;
				CLANG_WARN_DEPRECATED_OBJC_IMPLEMENTATIONS = YES;
				CLANG_WARN_DIRECT_OBJC_ISA_USAGE = YES_ERROR;
				CLANG_WARN_DOCUMENTATION_COMMENTS = YES;
				CLANG_WARN_EMPTY_BODY = YES;
				CLANG_WARN_ENUM_CONVERSION = YES;
				CLANG_WARN_INFINITE_RECURSION = YES;
				CLANG_WARN_INT_CONVERSION = YES;
				CLANG_WARN_NON_LITERAL_NULL_CONVERSION = YES;
				CLANG_WARN_OBJC_IMPLICIT_RETAIN_SELF = YES;
				CLANG_WARN_OBJC_LITERAL_CONVERSION = YES;
				CLANG_WARN_OBJC_ROOT_CLASS = YES_ERROR;
				CLANG_WARN_RANGE_LOOP_ANALYSIS = YES;
				CLANG_WARN_STRICT_PROTOTYPES = YES;
				CLANG_WARN_SUSPICIOUS_MOVE = YES;
				CLANG_WARN_UNGUARDED_AVAILABILITY = YES_AGGRESSIVE;
				CLANG_WARN_UNREACHABLE_CODE = YES;
				CLANG_WARN__DUPLICATE_METHOD_MATCH = YES;
				COPY_PHASE_STRIP = NO;
				CURRENT_PROJECT_VERSION = 1;
				DEBUG_INFORMATION_FORMAT = dwarf;
				ENABLE_STRICT_OBJC_MSGSEND = YES;
				ENABLE_TESTABILITY = YES;
				GCC_C_LANGUAGE_STANDARD = gnu11;
				GCC_DYNAMIC_NO_PIC = NO;
				GCC_NO_COMMON_BLOCKS = YES;
				GCC_OPTIMIZATION_LEVEL = 0;
				GCC_PREPROCESSOR_DEFINITIONS = (
					"DEBUG=1",
					"$(inherited)",
				);
				GCC_WARN_64_TO_32_BIT_CONVERSION = YES;
				GCC_WARN_ABOUT_RETURN_TYPE = YES_ERROR;
				GCC_WARN_UNDECLARED_SELECTOR = YES;
				GCC_WARN_UNINITIALIZED_AUTOS = YES_AGGRESSIVE;
				GCC_WARN_UNUSED_FUNCTION = YES;
				GCC_WARN_UNUSED_VARIABLE = YES;
				IPHONEOS_DEPLOYMENT_TARGET = 13.4;
				MTL_ENABLE_DEBUG_INFO = INCLUDE_SOURCE;
				MTL_FAST_MATH = YES;
				ONLY_ACTIVE_ARCH = YES;
				SDKROOT = iphoneos;
				SWIFT_ACTIVE_COMPILATION_CONDITIONS = DEBUG;
				SWIFT_OPTIMIZATION_LEVEL = "-Onone";
				VERSIONING_SYSTEM = "apple-generic";
				VERSION_INFO_PREFIX = "";
			};
			name = Debug;
		};
		32BB7E832469275300170D72 /* Release */ = {
			isa = XCBuildConfiguration;
			buildSettings = {
				ALWAYS_SEARCH_USER_PATHS = NO;
				CLANG_ANALYZER_NONNULL = YES;
				CLANG_ANALYZER_NUMBER_OBJECT_CONVERSION = YES_AGGRESSIVE;
				CLANG_CXX_LANGUAGE_STANDARD = "gnu++14";
				CLANG_CXX_LIBRARY = "libc++";
				CLANG_ENABLE_MODULES = YES;
				CLANG_ENABLE_OBJC_ARC = YES;
				CLANG_ENABLE_OBJC_WEAK = YES;
				CLANG_WARN_BLOCK_CAPTURE_AUTORELEASING = YES;
				CLANG_WARN_BOOL_CONVERSION = YES;
				CLANG_WARN_COMMA = YES;
				CLANG_WARN_CONSTANT_CONVERSION = YES;
				CLANG_WARN_DEPRECATED_OBJC_IMPLEMENTATIONS = YES;
				CLANG_WARN_DIRECT_OBJC_ISA_USAGE = YES_ERROR;
				CLANG_WARN_DOCUMENTATION_COMMENTS = YES;
				CLANG_WARN_EMPTY_BODY = YES;
				CLANG_WARN_ENUM_CONVERSION = YES;
				CLANG_WARN_INFINITE_RECURSION = YES;
				CLANG_WARN_INT_CONVERSION = YES;
				CLANG_WARN_NON_LITERAL_NULL_CONVERSION = YES;
				CLANG_WARN_OBJC_IMPLICIT_RETAIN_SELF = YES;
				CLANG_WARN_OBJC_LITERAL_CONVERSION = YES;
				CLANG_WARN_OBJC_ROOT_CLASS = YES_ERROR;
				CLANG_WARN_RANGE_LOOP_ANALYSIS = YES;
				CLANG_WARN_STRICT_PROTOTYPES = YES;
				CLANG_WARN_SUSPICIOUS_MOVE = YES;
				CLANG_WARN_UNGUARDED_AVAILABILITY = YES_AGGRESSIVE;
				CLANG_WARN_UNREACHABLE_CODE = YES;
				CLANG_WARN__DUPLICATE_METHOD_MATCH = YES;
				COPY_PHASE_STRIP = NO;
				CURRENT_PROJECT_VERSION = 1;
				DEBUG_INFORMATION_FORMAT = "dwarf-with-dsym";
				ENABLE_NS_ASSERTIONS = NO;
				ENABLE_STRICT_OBJC_MSGSEND = YES;
				GCC_C_LANGUAGE_STANDARD = gnu11;
				GCC_NO_COMMON_BLOCKS = YES;
				GCC_WARN_64_TO_32_BIT_CONVERSION = YES;
				GCC_WARN_ABOUT_RETURN_TYPE = YES_ERROR;
				GCC_WARN_UNDECLARED_SELECTOR = YES;
				GCC_WARN_UNINITIALIZED_AUTOS = YES_AGGRESSIVE;
				GCC_WARN_UNUSED_FUNCTION = YES;
				GCC_WARN_UNUSED_VARIABLE = YES;
				IPHONEOS_DEPLOYMENT_TARGET = 13.4;
				MTL_ENABLE_DEBUG_INFO = NO;
				MTL_FAST_MATH = YES;
				SDKROOT = iphoneos;
				SWIFT_COMPILATION_MODE = wholemodule;
				SWIFT_OPTIMIZATION_LEVEL = "-O";
				VALIDATE_PRODUCT = YES;
				VERSIONING_SYSTEM = "apple-generic";
				VERSION_INFO_PREFIX = "";
			};
			name = Release;
		};
		32BB7E852469275300170D72 /* Debug */ = {
			isa = XCBuildConfiguration;
			buildSettings = {
				CLANG_ENABLE_MODULES = YES;
				CODE_SIGN_STYLE = Automatic;
				DEFINES_MODULE = YES;
				DEVELOPMENT_TEAM = 4Q5CYDAG3B;
				DYLIB_COMPATIBILITY_VERSION = 1;
				DYLIB_CURRENT_VERSION = 1;
				DYLIB_INSTALL_NAME_BASE = "@rpath";
				INFOPLIST_FILE = SACharts/Info.plist;
				INSTALL_PATH = "$(LOCAL_LIBRARY_DIR)/Frameworks";
				LD_RUNPATH_SEARCH_PATHS = (
					"$(inherited)",
					"@executable_path/Frameworks",
					"@loader_path/Frameworks",
				);
				PRODUCT_BUNDLE_IDENTIFIER = iit.SACharts;
				PRODUCT_NAME = "$(TARGET_NAME:c99extidentifier)";
				SKIP_INSTALL = YES;
				SWIFT_OPTIMIZATION_LEVEL = "-Onone";
				SWIFT_VERSION = 5.0;
				TARGETED_DEVICE_FAMILY = "1,2";
			};
			name = Debug;
		};
		32BB7E862469275300170D72 /* Release */ = {
			isa = XCBuildConfiguration;
			buildSettings = {
				CLANG_ENABLE_MODULES = YES;
				CODE_SIGN_STYLE = Automatic;
				DEFINES_MODULE = YES;
				DEVELOPMENT_TEAM = 4Q5CYDAG3B;
				DYLIB_COMPATIBILITY_VERSION = 1;
				DYLIB_CURRENT_VERSION = 1;
				DYLIB_INSTALL_NAME_BASE = "@rpath";
				INFOPLIST_FILE = SACharts/Info.plist;
				INSTALL_PATH = "$(LOCAL_LIBRARY_DIR)/Frameworks";
				LD_RUNPATH_SEARCH_PATHS = (
					"$(inherited)",
					"@executable_path/Frameworks",
					"@loader_path/Frameworks",
				);
				PRODUCT_BUNDLE_IDENTIFIER = iit.SACharts;
				PRODUCT_NAME = "$(TARGET_NAME:c99extidentifier)";
				SKIP_INSTALL = YES;
				SWIFT_VERSION = 5.0;
				TARGETED_DEVICE_FAMILY = "1,2";
			};
			name = Release;
		};
/* End XCBuildConfiguration section */

/* Begin XCConfigurationList section */
		32BB7E762469275300170D72 /* Build configuration list for PBXProject "SACharts" */ = {
			isa = XCConfigurationList;
			buildConfigurations = (
				32BB7E822469275300170D72 /* Debug */,
				32BB7E832469275300170D72 /* Release */,
			);
			defaultConfigurationIsVisible = 0;
			defaultConfigurationName = Release;
		};
		32BB7E842469275300170D72 /* Build configuration list for PBXNativeTarget "SACharts" */ = {
			isa = XCConfigurationList;
			buildConfigurations = (
				32BB7E852469275300170D72 /* Debug */,
				32BB7E862469275300170D72 /* Release */,
			);
			defaultConfigurationIsVisible = 0;
			defaultConfigurationName = Release;
		};
/* End XCConfigurationList section */
	};
	rootObject = 32BB7E732469275300170D72 /* Project object */;
}
